
Microsoft Visual Studio Solution File, Format Version 12.00
# Visual Studio Version 17
VisualStudioVersion = 17.0.31903.59
MinimumVisualStudioVersion = 10.0.40219.1
Project("{2150E333-8FDC-42A3-9474-1A3956D46DE8}") = "src", "src", "{827E0CD3-B72D-47B6-A68D-7590B98EB39B}"
EndProject
Project("{FAE04EC0-301F-11D3-BF4B-00C04F79EFBC}") = "TheRow.Domain", "src\TheRow.Domain\TheRow.Domain.csproj", "{D5249174-247E-43F8-917F-B6CD024EBAF6}"
EndProject
Project("{FAE04EC0-301F-11D3-BF4B-00C04F79EFBC}") = "TheRow.Application", "src\TheRow.Application\TheRow.Application.csproj", "{AA2653D6-84AC-4AC3-8B83-045C7C8B6A4E}"
EndProject
Project("{FAE04EC0-301F-11D3-BF4B-00C04F79EFBC}") = "TheRow.Infrastructure", "src\TheRow.Infrastructure\TheRow.Infrastructure.csproj", "{0C630198-24DD-4E31-A221-19FE25E29B91}"
EndProject
Project("{FAE04EC0-301F-11D3-BF4B-00C04F79EFBC}") = "TheRow.API", "src\TheRow.API\TheRow.API.csproj", "{2443AFEB-C500-4831-8C1D-7C287E487FBE}"
EndProject
Global
	GlobalSection(SolutionConfigurationPlatforms) = preSolution
		Debug|Any CPU = Debug|Any CPU
		Debug|x64 = Debug|x64
		Debug|x86 = Debug|x86
		Release|Any CPU = Release|Any CPU
		Release|x64 = Release|x64
		Release|x86 = Release|x86
	EndGlobalSection
	GlobalSection(ProjectConfigurationPlatforms) = postSolution
		{D5249174-247E-43F8-917F-B6CD024EBAF6}.Debug|Any CPU.ActiveCfg = Debug|Any CPU
		{D5249174-247E-43F8-917F-B6CD024EBAF6}.Debug|Any CPU.Build.0 = Debug|Any CPU
		{D5249174-247E-43F8-917F-B6CD024EBAF6}.Debug|x64.ActiveCfg = Debug|Any CPU
		{D5249174-247E-43F8-917F-B6CD024EBAF6}.Debug|x64.Build.0 = Debug|Any CPU
		{D5249174-247E-43F8-917F-B6CD024EBAF6}.Debug|x86.ActiveCfg = Debug|Any CPU
		{D5249174-247E-43F8-917F-B6CD024EBAF6}.Debug|x86.Build.0 = Debug|Any CPU
		{D5249174-247E-43F8-917F-B6CD024EBAF6}.Release|Any CPU.ActiveCfg = Release|Any CPU
		{D5249174-247E-43F8-917F-B6CD024EBAF6}.Release|Any CPU.Build.0 = Release|Any CPU
		{D5249174-247E-43F8-917F-B6CD024EBAF6}.Release|x64.ActiveCfg = Release|Any CPU
		{D5249174-247E-43F8-917F-B6CD024EBAF6}.Release|x64.Build.0 = Release|Any CPU
		{D5249174-247E-43F8-917F-B6CD024EBAF6}.Release|x86.ActiveCfg = Release|Any CPU
		{D5249174-247E-43F8-917F-B6CD024EBAF6}.Release|x86.Build.0 = Release|Any CPU
		{AA2653D6-84AC-4AC3-8B83-045C7C8B6A4E}.Debug|Any CPU.ActiveCfg = Debug|Any CPU
		{AA2653D6-84AC-4AC3-8B83-045C7C8B6A4E}.Debug|Any CPU.Build.0 = Debug|Any CPU
		{AA2653D6-84AC-4AC3-8B83-045C7C8B6A4E}.Debug|x64.ActiveCfg = Debug|Any CPU
		{AA2653D6-84AC-4AC3-8B83-045C7C8B6A4E}.Debug|x64.Build.0 = Debug|Any CPU
		{AA2653D6-84AC-4AC3-8B83-045C7C8B6A4E}.Debug|x86.ActiveCfg = Debug|Any CPU
		{AA2653D6-84AC-4AC3-8B83-045C7C8B6A4E}.Debug|x86.Build.0 = Debug|Any CPU
		{AA2653D6-84AC-4AC3-8B83-045C7C8B6A4E}.Release|Any CPU.ActiveCfg = Release|Any CPU
		{AA2653D6-84AC-4AC3-8B83-045C7C8B6A4E}.Release|Any CPU.Build.0 = Release|Any CPU
		{AA2653D6-84AC-4AC3-8B83-045C7C8B6A4E}.Release|x64.ActiveCfg = Release|Any CPU
		{AA2653D6-84AC-4AC3-8B83-045C7C8B6A4E}.Release|x64.Build.0 = Release|Any CPU
		{AA2653D6-84AC-4AC3-8B83-045C7C8B6A4E}.Release|x86.ActiveCfg = Release|Any CPU
		{AA2653D6-84AC-4AC3-8B83-045C7C8B6A4E}.Release|x86.Build.0 = Release|Any CPU
		{0C630198-24DD-4E31-A221-19FE25E29B91}.Debug|Any CPU.ActiveCfg = Debug|Any CPU
		{0C630198-24DD-4E31-A221-19FE25E29B91}.Debug|Any CPU.Build.0 = Debug|Any CPU
		{0C630198-24DD-4E31-A221-19FE25E29B91}.Debug|x64.ActiveCfg = Debug|Any CPU
		{0C630198-24DD-4E31-A221-19FE25E29B91}.Debug|x64.Build.0 = Debug|Any CPU
		{0C630198-24DD-4E31-A221-19FE25E29B91}.Debug|x86.ActiveCfg = Debug|Any CPU
		{0C630198-24DD-4E31-A221-19FE25E29B91}.Debug|x86.Build.0 = Debug|Any CPU
		{0C630198-24DD-4E31-A221-19FE25E29B91}.Release|Any CPU.ActiveCfg = Release|Any CPU
		{0C630198-24DD-4E31-A221-19FE25E29B91}.Release|Any CPU.Build.0 = Release|Any CPU
		{0C630198-24DD-4E31-A221-19FE25E29B91}.Release|x64.ActiveCfg = Release|Any CPU
		{0C630198-24DD-4E31-A221-19FE25E29B91}.Release|x64.Build.0 = Release|Any CPU
		{0C630198-24DD-4E31-A221-19FE25E29B91}.Release|x86.ActiveCfg = Release|Any CPU
		{0C630198-24DD-4E31-A221-19FE25E29B91}.Release|x86.Build.0 = Release|Any CPU
		{2443AFEB-C500-4831-8C1D-7C287E487FBE}.Debug|Any CPU.ActiveCfg = Debug|Any CPU
		{2443AFEB-C500-4831-8C1D-7C287E487FBE}.Debug|Any CPU.Build.0 = Debug|Any CPU
		{2443AFEB-C500-4831-8C1D-7C287E487FBE}.Debug|x64.ActiveCfg = Debug|Any CPU
		{2443AFEB-C500-4831-8C1D-7C287E487FBE}.Debug|x64.Build.0 = Debug|Any CPU
		{2443AFEB-C500-4831-8C1D-7C287E487FBE}.Debug|x86.ActiveCfg = Debug|Any CPU
		{2443AFEB-C500-4831-8C1D-7C287E487FBE}.Debug|x86.Build.0 = Debug|Any CPU
		{2443AFEB-C500-4831-8C1D-7C287E487FBE}.Release|Any CPU.ActiveCfg = Release|Any CPU
		{2443AFEB-C500-4831-8C1D-7C287E487FBE}.Release|Any CPU.Build.0 = Release|Any CPU
		{2443AFEB-C500-4831-8C1D-7C287E487FBE}.Release|x64.ActiveCfg = Release|Any CPU
		{2443AFEB-C500-4831-8C1D-7C287E487FBE}.Release|x64.Build.0 = Release|Any CPU
		{2443AFEB-C500-4831-8C1D-7C287E487FBE}.Release|x86.ActiveCfg = Release|Any CPU
		{2443AFEB-C500-4831-8C1D-7C287E487FBE}.Release|x86.Build.0 = Release|Any CPU
	EndGlobalSection
	GlobalSection(SolutionProperties) = preSolution
		HideSolutionNode = FALSE
	EndGlobalSection
	GlobalSection(NestedProjects) = preSolution
		{D5249174-247E-43F8-917F-B6CD024EBAF6} = {827E0CD3-B72D-47B6-A68D-7590B98EB39B}
		{AA2653D6-84AC-4AC3-8B83-045C7C8B6A4E} = {827E0CD3-B72D-47B6-A68D-7590B98EB39B}
		{0C630198-24DD-4E31-A221-19FE25E29B91} = {827E0CD3-B72D-47B6-A68D-7590B98EB39B}
		{2443AFEB-C500-4831-8C1D-7C287E487FBE} = {827E0CD3-B72D-47B6-A68D-7590B98EB39B}
	EndGlobalSection
EndGlobal
